
Microsoft Visual Studio Solution File, Format Version 12.00
# Visual Studio Version 17
VisualStudioVersion = 17.5.33414.496
MinimumVisualStudioVersion = 10.0.40219.1
Project("{FAE04EC0-301F-11D3-BF4B-00C04F79EFBC}") = "B20", "B20.csproj", "{EF4F7C2C-5052-41B9-B8E6-445961364703}"
EndProject
Global
	GlobalSection(SolutionConfigurationPlatforms) = preSolution
		Debug|Any CPU = Debug|Any CPU
		Release|Any CPU = Release|Any CPU
	EndGlobalSection
	GlobalSection(ProjectConfigurationPlatforms) = postSolution
		{EF4F7C2C-5052-41B9-B8E6-445961364703}.Debug|Any CPU.ActiveCfg = Debug|Any CPU
		{EF4F7C2C-5052-41B9-B8E6-445961364703}.Debug|Any CPU.Build.0 = Debug|Any CPU
		{EF4F7C2C-5052-41B9-B8E6-445961364703}.Release|Any CPU.ActiveCfg = Release|Any CPU
		{EF4F7C2C-5052-41B9-B8E6-445961364703}.Release|Any CPU.Build.0 = Release|Any CPU
	EndGlobalSection
	GlobalSection(SolutionProperties) = preSolution
		HideSolutionNode = FALSE
	EndGlobalSection
	GlobalSection(ExtensibilityGlobals) = postSolution
		SolutionGuid = {407311AA-ABA6-4B4B-9614-4B8B51EA9C09}
	EndGlobalSection
EndGlobal
